
Microsoft Visual Studio Solution File, Format Version 12.00
# Visual Studio Version 17
VisualStudioVersion = 17.5.33502.453
MinimumVisualStudioVersion = 10.0.40219.1
Project("{FAE04EC0-301F-11D3-BF4B-00C04F79EFBC}") = "FileUpload", "FileUpload\FileUpload.csproj", "{FCE56635-011F-4755-B490-C467150DE86D}"
EndProject
Global
	GlobalSection(SolutionConfigurationPlatforms) = preSolution
		Debug|Any CPU = Debug|Any CPU
		Release|Any CPU = Release|Any CPU
	EndGlobalSection
	GlobalSection(ProjectConfigurationPlatforms) = postSolution
		{FCE56635-011F-4755-B490-C467150DE86D}.Debug|Any CPU.ActiveCfg = Debug|Any CPU
		{FCE56635-011F-4755-B490-C467150DE86D}.Debug|Any CPU.Build.0 = Debug|Any CPU
		{FCE56635-011F-4755-B490-C467150DE86D}.Release|Any CPU.ActiveCfg = Release|Any CPU
		{FCE56635-011F-4755-B490-C467150DE86D}.Release|Any CPU.Build.0 = Release|Any CPU
	EndGlobalSection
	GlobalSection(SolutionProperties) = preSolution
		HideSolutionNode = FALSE
	EndGlobalSection
	GlobalSection(ExtensibilityGlobals) = postSolution
		SolutionGuid = {D8F4B5EC-FBC9-4164-8766-C2D4060437B3}
	EndGlobalSection
EndGlobal
